{
  "name": "node-process-monitor",
  "version": "1.0.0",
  "lockfileVersion": 3,
  "requires": true,
  "packages": {
    "": {
      "name": "node-process-monitor",
      "version": "1.0.0",
      "dependencies": {
        "get-window": "^1.1.2",
        "system-sleep": "^1.3.8",
        "systeminformation": "^5.27.6"
      }
    },
    "node_modules/bindings": {
      "version": "1.5.0",
      "resolved": "https://registry.npmjs.org/bindings/-/bindings-1.5.0.tgz",
      "integrity": "sha512-p2q/t/mhvuOj/UeLlV6566GD/guowlr0hHxClI0W9m7MWYkL1F0hLo+0Aexs9HSPCtR1SXQ0TD3MMKrXZajbiQ==",
      "license": "MIT",
      "dependencies": {
        "file-uri-to-path": "1.0.0"
      }
    },
    "node_modules/deasync": {
      "version": "0.1.30",
      "resolved": "https://registry.npmjs.org/deasync/-/deasync-0.1.30.tgz",
      "integrity": "sha512-OaAjvEQuQ9tJsKG4oHO9nV1UHTwb2Qc2+fadB0VeVtD0Z9wiG1XPGLJ4W3aLhAoQSYTaLROFRbd5X20Dkzf7MQ==",
      "hasInstallScript": true,
      "license": "MIT",
      "dependencies": {
        "bindings": "^1.5.0",
        "node-addon-api": "^1.7.1"
      },
      "engines": {
        "node": ">=0.11.0"
      }
    },
    "node_modules/deasync-promise": {
      "version": "1.0.1",
      "resolved": "https://registry.npmjs.org/deasync-promise/-/deasync-promise-1.0.1.tgz",
      "integrity": "sha512-VzJ6J6beJcSXM7SMVhug3JNZzLiPGUNJWDuevXcFeXQCa+zlnP7ZrByI+8DZQZ3AoZJj9W32ceqF6JBKmsTdgg==",
      "license": "ISC",
      "dependencies": {
        "deasync": "^0.1.7"
      }
    },
    "node_modules/deasync/node_modules/node-addon-api": {
      "version": "1.7.2",
      "resolved": "https://registry.npmjs.org/node-addon-api/-/node-addon-api-1.7.2.tgz",
      "integrity": "sha512-ibPK3iA+vaY1eEjESkQkM0BbCqFOaZMiXRTtdB0u7b4djtY6JnsjvPdUHVMg6xQt3B8fpTTWHI9A+ADjM9frzg==",
      "license": "MIT"
    },
    "node_modules/file-uri-to-path": {
      "version": "1.0.0",
      "resolved": "https://registry.npmjs.org/file-uri-to-path/-/file-uri-to-path-1.0.0.tgz",
      "integrity": "sha512-0Zt+s3L7Vf1biwWZ29aARiVYLx7iMGnEUl9x33fbB/j3jR81u/O2LbqK+Bm1CDSNDKVtJ/YjwY7TUd5SkeLQLw==",
      "license": "MIT"
    },
    "node_modules/get-document": {
      "version": "1.0.0",
      "resolved": "https://registry.npmjs.org/get-document/-/get-document-1.0.0.tgz",
      "integrity": "sha512-8E7H2Xxibav+/rQTTtm6gFlSQwDoAQg667yheA+vWQr/amxEuswChzGo4MIbOJJoR0SMpDyhbUqWp3FpIfwD9A=="
    },
    "node_modules/get-window": {
      "version": "1.1.2",
      "resolved": "https://registry.npmjs.org/get-window/-/get-window-1.1.2.tgz",
      "integrity": "sha512-yjWpFcy9fjhLQHW1dPtg9ga4pmizLY8y4ZSHdGrAQ1NU277MRhnGnnLPxe19X8W5lWVsCZz++5xEuNozWMVmTw==",
      "license": "MIT",
      "dependencies": {
        "get-document": "1"
      }
    },
    "node_modules/system-sleep": {
      "version": "1.3.8",
      "resolved": "https://registry.npmjs.org/system-sleep/-/system-sleep-1.3.8.tgz",
      "integrity": "sha512-3gRABsNGDtgKtK4huQI+2ktCpUeEDA7v5t3flVAm/fRbLoge1zhOuAK1gT4IKzCbXlHiauDJdhKfNN1Pr0r6RA==",
      "dependencies": {
        "deasync-promise": "1.0.1"
      }
    },
    "node_modules/systeminformation": {
      "version": "5.27.6",
      "resolved": "https://registry.npmjs.org/systeminformation/-/systeminformation-5.27.6.tgz",
      "integrity": "sha512-9gmEXEtFp8vkewF8MLo69OmYBf0UpvGnqfAQs0kO+dgJRyFuCDxBwX53NQj4p/aV4fFmJQry+K1LLxPadAgmFQ==",
      "license": "MIT",
      "os": [
        "darwin",
        "linux",
        "win32",
        "freebsd",
        "openbsd",
        "netbsd",
        "sunos",
        "android"
      ],
      "bin": {
        "systeminformation": "lib/cli.js"
      },
      "engines": {
        "node": ">=8.0.0"
      },
      "funding": {
        "type": "Buy me a coffee",
        "url": "https://www.buymeacoffee.com/systeminfo"
      }
    }
  }
}
